
Microsoft Visual Studio Solution File, Format Version 12.00
# Visual Studio Version 16
VisualStudioVersion = 16.0.32602.291
MinimumVisualStudioVersion = 10.0.40219.1
Project("{FAE04EC0-301F-11D3-BF4B-00C04F79EFBC}") = "Задача 23", "Задача 23\Задача 23.csproj", "{A017A121-D7D8-4E40-839A-56119E6CC41B}"
EndProject
Global
	GlobalSection(SolutionConfigurationPlatforms) = preSolution
		Debug|Any CPU = Debug|Any CPU
		Release|Any CPU = Release|Any CPU
	EndGlobalSection
	GlobalSection(ProjectConfigurationPlatforms) = postSolution
		{A017A121-D7D8-4E40-839A-56119E6CC41B}.Debug|Any CPU.ActiveCfg = Debug|Any CPU
		{A017A121-D7D8-4E40-839A-56119E6CC41B}.Debug|Any CPU.Build.0 = Debug|Any CPU
		{A017A121-D7D8-4E40-839A-56119E6CC41B}.Release|Any CPU.ActiveCfg = Release|Any CPU
		{A017A121-D7D8-4E40-839A-56119E6CC41B}.Release|Any CPU.Build.0 = Release|Any CPU
	EndGlobalSection
	GlobalSection(SolutionProperties) = preSolution
		HideSolutionNode = FALSE
	EndGlobalSection
	GlobalSection(ExtensibilityGlobals) = postSolution
		SolutionGuid = {C75C57DC-CA92-442B-85EB-9749AD01EDFE}
	EndGlobalSection
EndGlobal
